
Microsoft Visual Studio Solution File, Format Version 12.00
# Visual Studio 15
VisualStudioVersion = 15.0.27428.2037
MinimumVisualStudioVersion = 10.0.40219.1
Project("{E24C65DC-7377-472B-9ABA-BC803B73C61A}") = "Backoffice", "..\..\..\..\..\SOFTWARE\Backoffice", "{D8758146-4DED-4637-BA5D-B0E94DFB67BB}"
	ProjectSection(WebsiteProperties) = preProject
		TargetFrameworkMoniker = ".NETFramework,Version%3Dv4.0"
		Debug.AspNetCompiler.VirtualPath = "/localhost_64155"
		Debug.AspNetCompiler.PhysicalPath = "..\..\..\..\..\SOFTWARE\Backoffice\"
		Debug.AspNetCompiler.TargetPath = "PrecompiledWeb\localhost_64155\"
		Debug.AspNetCompiler.Updateable = "true"
		Debug.AspNetCompiler.ForceOverwrite = "true"
		Debug.AspNetCompiler.FixedNames = "false"
		Debug.AspNetCompiler.Debug = "True"
		Release.AspNetCompiler.VirtualPath = "/localhost_64155"
		Release.AspNetCompiler.PhysicalPath = "..\..\..\..\..\SOFTWARE\Backoffice\"
		Release.AspNetCompiler.TargetPath = "PrecompiledWeb\localhost_64155\"
		Release.AspNetCompiler.Updateable = "true"
		Release.AspNetCompiler.ForceOverwrite = "true"
		Release.AspNetCompiler.FixedNames = "false"
		Release.AspNetCompiler.Debug = "False"
		VWDPort = "64155"
	EndProjectSection
EndProject
Global
	GlobalSection(SolutionConfigurationPlatforms) = preSolution
		Debug|Any CPU = Debug|Any CPU
	EndGlobalSection
	GlobalSection(ProjectConfigurationPlatforms) = postSolution
		{D8758146-4DED-4637-BA5D-B0E94DFB67BB}.Debug|Any CPU.ActiveCfg = Debug|Any CPU
		{D8758146-4DED-4637-BA5D-B0E94DFB67BB}.Debug|Any CPU.Build.0 = Debug|Any CPU
	EndGlobalSection
	GlobalSection(SolutionProperties) = preSolution
		HideSolutionNode = FALSE
	EndGlobalSection
	GlobalSection(ExtensibilityGlobals) = postSolution
		SolutionGuid = {B9C5A36B-FB45-4ABE-B5CC-B6F7AB46DFD8}
	EndGlobalSection
EndGlobal
